// !$*UTF8*$!
{
	archiveVersion = 1;
	classes = {
	};
	objectVersion = 50;
	objects = {

/* Begin PBXBuildFile section */
		4A8312BF21E4AAE60099B782 /* SQLStorageProvider.swift in Sources */ = {isa = PBXBuildFile; fileRef = 4A8312BE21E4AAE60099B782 /* SQLStorageProvider.swift */; };
		4A8312C221E4AC2F0099B782 /* PostProtocol.swift in Sources */ = {isa = PBXBuildFile; fileRef = 4A8312C121E4AC2F0099B782 /* PostProtocol.swift */; };
		4A8312C521E4AC8B0099B782 /* PostSQL.swift in Sources */ = {isa = PBXBuildFile; fileRef = 4A8312C421E4AC8B0099B782 /* PostSQL.swift */; };
		71A93E143DCC3A25B9F977DE /* Pods_mongodb_mobile_sampleTests.framework in Frameworks */ = {isa = PBXBuildFile; fileRef = 22F1E05B02E2BE5DFA2724C4 /* Pods_mongodb_mobile_sampleTests.framework */; };
		921CB43D21A83AE400E145F1 /* Podfile in Resources */ = {isa = PBXBuildFile; fileRef = 921CB43C21A83AE400E145F1 /* Podfile */; };
		92625BD321AEE97B002E2E4C /* StorageService.swift in Sources */ = {isa = PBXBuildFile; fileRef = 92625BD221AEE97B002E2E4C /* StorageService.swift */; };
		92625BD521AEEB31002E2E4C /* StorageProtocol.swift in Sources */ = {isa = PBXBuildFile; fileRef = 92625BD421AEEB31002E2E4C /* StorageProtocol.swift */; };
		92625BD721AEEBA4002E2E4C /* MongoAdapter.swift in Sources */ = {isa = PBXBuildFile; fileRef = 92625BD621AEEBA4002E2E4C /* MongoAdapter.swift */; };
		92625BD821AFDC06002E2E4C /* MongoAdapter.swift in Sources */ = {isa = PBXBuildFile; fileRef = 92625BD621AEEBA4002E2E4C /* MongoAdapter.swift */; };
		92625BDB21B00F32002E2E4C /* MongoStorageProvider.swift in Sources */ = {isa = PBXBuildFile; fileRef = 92625BDA21B00F32002E2E4C /* MongoStorageProvider.swift */; };
		927A9BDC21A8391C002A34ED /* AppDelegate.swift in Sources */ = {isa = PBXBuildFile; fileRef = 927A9BDB21A8391C002A34ED /* AppDelegate.swift */; };
		927A9BDE21A8391C002A34ED /* ViewController.swift in Sources */ = {isa = PBXBuildFile; fileRef = 927A9BDD21A8391C002A34ED /* ViewController.swift */; };
		927A9BE121A8391C002A34ED /* Main.storyboard in Resources */ = {isa = PBXBuildFile; fileRef = 927A9BDF21A8391C002A34ED /* Main.storyboard */; };
		927A9BE321A8391E002A34ED /* Assets.xcassets in Resources */ = {isa = PBXBuildFile; fileRef = 927A9BE221A8391E002A34ED /* Assets.xcassets */; };
		927A9BE621A8391E002A34ED /* LaunchScreen.storyboard in Resources */ = {isa = PBXBuildFile; fileRef = 927A9BE421A8391E002A34ED /* LaunchScreen.storyboard */; };
		927A9BF121A8391E002A34ED /* mongodb_mobile_sampleTests.swift in Sources */ = {isa = PBXBuildFile; fileRef = 927A9BF021A8391E002A34ED /* mongodb_mobile_sampleTests.swift */; };
		92A4FE7321B572F00079051D /* StorageType.swift in Sources */ = {isa = PBXBuildFile; fileRef = 92A4FE7221B572F00079051D /* StorageType.swift */; };
		92D58C6421B678E400452DE5 /* Logger.swift in Sources */ = {isa = PBXBuildFile; fileRef = 92D58C6321B678E400452DE5 /* Logger.swift */; };
		92DEE95721B01F6F00163B2E /* DIContainer.swift in Sources */ = {isa = PBXBuildFile; fileRef = 92DEE95621B01F6F00163B2E /* DIContainer.swift */; };
		BB8BEC1608F972B9B5F5CCA5 /* Pods_mongodb_mobile_sample.framework in Frameworks */ = {isa = PBXBuildFile; fileRef = 56662A67304A3D0686F9D36C /* Pods_mongodb_mobile_sample.framework */; };
/* End PBXBuildFile section */

/* Begin PBXContainerItemProxy section */
		927A9BED21A8391E002A34ED /* PBXContainerItemProxy */ = {
			isa = PBXContainerItemProxy;
			containerPortal = 927A9BD021A8391C002A34ED /* Project object */;
			proxyType = 1;
			remoteGlobalIDString = 927A9BD721A8391C002A34ED;
			remoteInfo = "mongodb-mobile-sample";
		};
/* End PBXContainerItemProxy section */

/* Begin PBXFileReference section */
		22F1E05B02E2BE5DFA2724C4 /* Pods_mongodb_mobile_sampleTests.framework */ = {isa = PBXFileReference; explicitFileType = wrapper.framework; includeInIndex = 0; path = Pods_mongodb_mobile_sampleTests.framework; sourceTree = BUILT_PRODUCTS_DIR; };
		41E8366A90A7B896658AAEED /* Pods-mongodb-mobile-sampleTests.debug.xcconfig */ = {isa = PBXFileReference; includeInIndex = 1; lastKnownFileType = text.xcconfig; name = "Pods-mongodb-mobile-sampleTests.debug.xcconfig"; path = "Pods/Target Support Files/Pods-mongodb-mobile-sampleTests/Pods-mongodb-mobile-sampleTests.debug.xcconfig"; sourceTree = "<group>"; };
		4A8312BE21E4AAE60099B782 /* SQLStorageProvider.swift */ = {isa = PBXFileReference; lastKnownFileType = sourcecode.swift; path = SQLStorageProvider.swift; sourceTree = "<group>"; };
		4A8312C121E4AC2F0099B782 /* PostProtocol.swift */ = {isa = PBXFileReference; lastKnownFileType = sourcecode.swift; path = PostProtocol.swift; sourceTree = "<group>"; };
		4A8312C421E4AC8B0099B782 /* PostSQL.swift */ = {isa = PBXFileReference; lastKnownFileType = sourcecode.swift; path = PostSQL.swift; sourceTree = "<group>"; };
		56662A67304A3D0686F9D36C /* Pods_mongodb_mobile_sample.framework */ = {isa = PBXFileReference; explicitFileType = wrapper.framework; includeInIndex = 0; path = Pods_mongodb_mobile_sample.framework; sourceTree = BUILT_PRODUCTS_DIR; };
		6000D20BA773E02C61B894BB /* Pods-mongodb-mobile-sampleTests.release.xcconfig */ = {isa = PBXFileReference; includeInIndex = 1; lastKnownFileType = text.xcconfig; name = "Pods-mongodb-mobile-sampleTests.release.xcconfig"; path = "Pods/Target Support Files/Pods-mongodb-mobile-sampleTests/Pods-mongodb-mobile-sampleTests.release.xcconfig"; sourceTree = "<group>"; };
		921CB43C21A83AE400E145F1 /* Podfile */ = {isa = PBXFileReference; fileEncoding = 4; lastKnownFileType = text; path = Podfile; sourceTree = "<group>"; xcLanguageSpecificationIdentifier = xcode.lang.ruby; };
		92625BD221AEE97B002E2E4C /* StorageService.swift */ = {isa = PBXFileReference; lastKnownFileType = sourcecode.swift; path = StorageService.swift; sourceTree = "<group>"; };
		92625BD421AEEB31002E2E4C /* StorageProtocol.swift */ = {isa = PBXFileReference; lastKnownFileType = sourcecode.swift; path = StorageProtocol.swift; sourceTree = "<group>"; };
		92625BD621AEEBA4002E2E4C /* MongoAdapter.swift */ = {isa = PBXFileReference; lastKnownFileType = sourcecode.swift; path = MongoAdapter.swift; sourceTree = "<group>"; };
		92625BDA21B00F32002E2E4C /* MongoStorageProvider.swift */ = {isa = PBXFileReference; lastKnownFileType = sourcecode.swift; path = MongoStorageProvider.swift; sourceTree = "<group>"; };
		927A9BD821A8391C002A34ED /* mongodb-mobile-sample.app */ = {isa = PBXFileReference; explicitFileType = wrapper.application; includeInIndex = 0; path = "mongodb-mobile-sample.app"; sourceTree = BUILT_PRODUCTS_DIR; };
		927A9BDB21A8391C002A34ED /* AppDelegate.swift */ = {isa = PBXFileReference; lastKnownFileType = sourcecode.swift; path = AppDelegate.swift; sourceTree = "<group>"; };
		927A9BDD21A8391C002A34ED /* ViewController.swift */ = {isa = PBXFileReference; lastKnownFileType = sourcecode.swift; path = ViewController.swift; sourceTree = "<group>"; };
		927A9BE021A8391C002A34ED /* Base */ = {isa = PBXFileReference; lastKnownFileType = file.storyboard; name = Base; path = Base.lproj/Main.storyboard; sourceTree = "<group>"; };
		927A9BE221A8391E002A34ED /* Assets.xcassets */ = {isa = PBXFileReference; lastKnownFileType = folder.assetcatalog; path = Assets.xcassets; sourceTree = "<group>"; };
		927A9BE521A8391E002A34ED /* Base */ = {isa = PBXFileReference; lastKnownFileType = file.storyboard; name = Base; path = Base.lproj/LaunchScreen.storyboard; sourceTree = "<group>"; };
		927A9BE721A8391E002A34ED /* Info.plist */ = {isa = PBXFileReference; lastKnownFileType = text.plist.xml; path = Info.plist; sourceTree = "<group>"; };
		927A9BEC21A8391E002A34ED /* mongodb-mobile-sampleTests.xctest */ = {isa = PBXFileReference; explicitFileType = wrapper.cfbundle; includeInIndex = 0; path = "mongodb-mobile-sampleTests.xctest"; sourceTree = BUILT_PRODUCTS_DIR; };
		927A9BF021A8391E002A34ED /* mongodb_mobile_sampleTests.swift */ = {isa = PBXFileReference; lastKnownFileType = sourcecode.swift; path = mongodb_mobile_sampleTests.swift; sourceTree = "<group>"; };
		927A9BF221A8391E002A34ED /* Info.plist */ = {isa = PBXFileReference; lastKnownFileType = text.plist.xml; path = Info.plist; sourceTree = "<group>"; };
		92A4FE7221B572F00079051D /* StorageType.swift */ = {isa = PBXFileReference; lastKnownFileType = sourcecode.swift; path = StorageType.swift; sourceTree = "<group>"; };
		92D58C6321B678E400452DE5 /* Logger.swift */ = {isa = PBXFileReference; lastKnownFileType = sourcecode.swift; path = Logger.swift; sourceTree = "<group>"; };
		92DEE95621B01F6F00163B2E /* DIContainer.swift */ = {isa = PBXFileReference; lastKnownFileType = sourcecode.swift; path = DIContainer.swift; sourceTree = "<group>"; };
		AED627C473A0438A6180C9D4 /* Pods-mongodb-mobile-sample.release.xcconfig */ = {isa = PBXFileReference; includeInIndex = 1; lastKnownFileType = text.xcconfig; name = "Pods-mongodb-mobile-sample.release.xcconfig"; path = "Pods/Target Support Files/Pods-mongodb-mobile-sample/Pods-mongodb-mobile-sample.release.xcconfig"; sourceTree = "<group>"; };
		E75126AECAB87B72272943DE /* Pods-mongodb-mobile-sample.debug.xcconfig */ = {isa = PBXFileReference; includeInIndex = 1; lastKnownFileType = text.xcconfig; name = "Pods-mongodb-mobile-sample.debug.xcconfig"; path = "Pods/Target Support Files/Pods-mongodb-mobile-sample/Pods-mongodb-mobile-sample.debug.xcconfig"; sourceTree = "<group>"; };
/* End PBXFileReference section */

/* Begin PBXFrameworksBuildPhase section */
		927A9BD521A8391C002A34ED /* Frameworks */ = {
			isa = PBXFrameworksBuildPhase;
			buildActionMask = 2147483647;
			files = (
				BB8BEC1608F972B9B5F5CCA5 /* Pods_mongodb_mobile_sample.framework in Frameworks */,
			);
			runOnlyForDeploymentPostprocessing = 0;
		};
		927A9BE921A8391E002A34ED /* Frameworks */ = {
			isa = PBXFrameworksBuildPhase;
			buildActionMask = 2147483647;
			files = (
				71A93E143DCC3A25B9F977DE /* Pods_mongodb_mobile_sampleTests.framework in Frameworks */,
			);
			runOnlyForDeploymentPostprocessing = 0;
		};
/* End PBXFrameworksBuildPhase section */

/* Begin PBXGroup section */
		32145ADCF68489A7C34BB1FE /* Pods */ = {
			isa = PBXGroup;
			children = (
				E75126AECAB87B72272943DE /* Pods-mongodb-mobile-sample.debug.xcconfig */,
				AED627C473A0438A6180C9D4 /* Pods-mongodb-mobile-sample.release.xcconfig */,
				41E8366A90A7B896658AAEED /* Pods-mongodb-mobile-sampleTests.debug.xcconfig */,
				6000D20BA773E02C61B894BB /* Pods-mongodb-mobile-sampleTests.release.xcconfig */,
			);
			name = Pods;
			sourceTree = "<group>";
		};
		4A8312BD21E4AAAC0099B782 /* SQL_GRDB */ = {
			isa = PBXGroup;
			children = (
				4A8312C321E4AC740099B782 /* Models */,
				4A8312BE21E4AAE60099B782 /* SQLStorageProvider.swift */,
			);
			path = SQL_GRDB;
			sourceTree = "<group>";
		};
		4A8312C021E4AC150099B782 /* Models */ = {
			isa = PBXGroup;
			children = (
				4A8312C121E4AC2F0099B782 /* PostProtocol.swift */,
			);
			path = Models;
			sourceTree = "<group>";
		};
		4A8312C321E4AC740099B782 /* Models */ = {
			isa = PBXGroup;
			children = (
				4A8312C421E4AC8B0099B782 /* PostSQL.swift */,
			);
			path = Models;
			sourceTree = "<group>";
		};
		850C8FBF749ED98797F7A606 /* Frameworks */ = {
			isa = PBXGroup;
			children = (
				56662A67304A3D0686F9D36C /* Pods_mongodb_mobile_sample.framework */,
				22F1E05B02E2BE5DFA2724C4 /* Pods_mongodb_mobile_sampleTests.framework */,
			);
			name = Frameworks;
			sourceTree = "<group>";
		};
		92625BDC21B0107A002E2E4C /* Mongo */ = {
			isa = PBXGroup;
			children = (
				92625BD621AEEBA4002E2E4C /* MongoAdapter.swift */,
				92625BDA21B00F32002E2E4C /* MongoStorageProvider.swift */,
			);
			path = Mongo;
			sourceTree = "<group>";
		};
		927A9BCF21A8391C002A34ED = {
			isa = PBXGroup;
			children = (
				921CB43C21A83AE400E145F1 /* Podfile */,
				927A9BDA21A8391C002A34ED /* mongodb-mobile-sample */,
				927A9BEF21A8391E002A34ED /* mongodb-mobile-sampleTests */,
				927A9BD921A8391C002A34ED /* Products */,
				32145ADCF68489A7C34BB1FE /* Pods */,
				850C8FBF749ED98797F7A606 /* Frameworks */,
			);
			sourceTree = "<group>";
		};
		927A9BD921A8391C002A34ED /* Products */ = {
			isa = PBXGroup;
			children = (
				927A9BD821A8391C002A34ED /* mongodb-mobile-sample.app */,
				927A9BEC21A8391E002A34ED /* mongodb-mobile-sampleTests.xctest */,
			);
			name = Products;
			sourceTree = "<group>";
		};
		927A9BDA21A8391C002A34ED /* mongodb-mobile-sample */ = {
			isa = PBXGroup;
			children = (
				4A8312C021E4AC150099B782 /* Models */,
				92DEE95521B01F4F00163B2E /* Infrastructure */,
				9289881821A846150015E471 /* Services */,
				927A9BDB21A8391C002A34ED /* AppDelegate.swift */,
				927A9BDD21A8391C002A34ED /* ViewController.swift */,
				927A9BDF21A8391C002A34ED /* Main.storyboard */,
				927A9BE221A8391E002A34ED /* Assets.xcassets */,
				927A9BE421A8391E002A34ED /* LaunchScreen.storyboard */,
				927A9BE721A8391E002A34ED /* Info.plist */,
			);
			path = "mongodb-mobile-sample";
			sourceTree = "<group>";
		};
		927A9BEF21A8391E002A34ED /* mongodb-mobile-sampleTests */ = {
			isa = PBXGroup;
			children = (
				927A9BF021A8391E002A34ED /* mongodb_mobile_sampleTests.swift */,
				927A9BF221A8391E002A34ED /* Info.plist */,
			);
			path = "mongodb-mobile-sampleTests";
			sourceTree = "<group>";
		};
		9289881821A846150015E471 /* Services */ = {
			isa = PBXGroup;
			children = (
				92625BD421AEEB31002E2E4C /* StorageProtocol.swift */,
				92625BD221AEE97B002E2E4C /* StorageService.swift */,
				92A4FE7221B572F00079051D /* StorageType.swift */,
				92625BDC21B0107A002E2E4C /* Mongo */,
				4A8312BD21E4AAAC0099B782 /* SQL_GRDB */,
			);
			path = Services;
			sourceTree = "<group>";
		};
		92DEE95521B01F4F00163B2E /* Infrastructure */ = {
			isa = PBXGroup;
			children = (
				92DEE95621B01F6F00163B2E /* DIContainer.swift */,
				92D58C6321B678E400452DE5 /* Logger.swift */,
			);
			path = Infrastructure;
			sourceTree = "<group>";
		};
/* End PBXGroup section */

/* Begin PBXNativeTarget section */
		927A9BD721A8391C002A34ED /* mongodb-mobile-sample */ = {
			isa = PBXNativeTarget;
			buildConfigurationList = 927A9BF521A8391E002A34ED /* Build configuration list for PBXNativeTarget "mongodb-mobile-sample" */;
			buildPhases = (
				E2F914637EA0A2FEEF4290AA /* [CP] Check Pods Manifest.lock */,
				927A9BD421A8391C002A34ED /* Sources */,
				927A9BD521A8391C002A34ED /* Frameworks */,
				927A9BD621A8391C002A34ED /* Resources */,
				E35DA4E5976A4357C2B42898 /* [CP] Embed Pods Frameworks */,
			);
			buildRules = (
			);
			dependencies = (
			);
			name = "mongodb-mobile-sample";
			productName = "mongodb-mobile-sample";
			productReference = 927A9BD821A8391C002A34ED /* mongodb-mobile-sample.app */;
			productType = "com.apple.product-type.application";
		};
		927A9BEB21A8391E002A34ED /* mongodb-mobile-sampleTests */ = {
			isa = PBXNativeTarget;
			buildConfigurationList = 927A9BF821A8391E002A34ED /* Build configuration list for PBXNativeTarget "mongodb-mobile-sampleTests" */;
			buildPhases = (
				F0B153DA5149C337E6F4DE84 /* [CP] Check Pods Manifest.lock */,
				927A9BE821A8391E002A34ED /* Sources */,
				927A9BE921A8391E002A34ED /* Frameworks */,
				927A9BEA21A8391E002A34ED /* Resources */,
			);
			buildRules = (
			);
			dependencies = (
				927A9BEE21A8391E002A34ED /* PBXTargetDependency */,
			);
			name = "mongodb-mobile-sampleTests";
			productName = "mongodb-mobile-sampleTests";
			productReference = 927A9BEC21A8391E002A34ED /* mongodb-mobile-sampleTests.xctest */;
			productType = "com.apple.product-type.bundle.unit-test";
		};
/* End PBXNativeTarget section */

/* Begin PBXProject section */
		927A9BD021A8391C002A34ED /* Project object */ = {
			isa = PBXProject;
			attributes = {
				LastSwiftUpdateCheck = 1010;
				LastUpgradeCheck = 1010;
				ORGANIZATIONNAME = "Ilya Usikov";
				TargetAttributes = {
					927A9BD721A8391C002A34ED = {
						CreatedOnToolsVersion = 10.1;
					};
					927A9BEB21A8391E002A34ED = {
						CreatedOnToolsVersion = 10.1;
						TestTargetID = 927A9BD721A8391C002A34ED;
					};
				};
			};
			buildConfigurationList = 927A9BD321A8391C002A34ED /* Build configuration list for PBXProject "mongodb-mobile-sample" */;
			compatibilityVersion = "Xcode 9.3";
			developmentRegion = en;
			hasScannedForEncodings = 0;
			knownRegions = (
				en,
				Base,
			);
			mainGroup = 927A9BCF21A8391C002A34ED;
			productRefGroup = 927A9BD921A8391C002A34ED /* Products */;
			projectDirPath = "";
			projectRoot = "";
			targets = (
				927A9BD721A8391C002A34ED /* mongodb-mobile-sample */,
				927A9BEB21A8391E002A34ED /* mongodb-mobile-sampleTests */,
			);
		};
/* End PBXProject section */

/* Begin PBXResourcesBuildPhase section */
		927A9BD621A8391C002A34ED /* Resources */ = {
			isa = PBXResourcesBuildPhase;
			buildActionMask = 2147483647;
			files = (
				927A9BE621A8391E002A34ED /* LaunchScreen.storyboard in Resources */,
				927A9BE321A8391E002A34ED /* Assets.xcassets in Resources */,
				921CB43D21A83AE400E145F1 /* Podfile in Resources */,
				927A9BE121A8391C002A34ED /* Main.storyboard in Resources */,
			);
			runOnlyForDeploymentPostprocessing = 0;
		};
		927A9BEA21A8391E002A34ED /* Resources */ = {
			isa = PBXResourcesBuildPhase;
			buildActionMask = 2147483647;
			files = (
			);
			runOnlyForDeploymentPostprocessing = 0;
		};
/* End PBXResourcesBuildPhase section */

/* Begin PBXShellScriptBuildPhase section */
		E2F914637EA0A2FEEF4290AA /* [CP] Check Pods Manifest.lock */ = {
			isa = PBXShellScriptBuildPhase;
			buildActionMask = 2147483647;
			files = (
			);
			inputPaths = (
				"${PODS_PODFILE_DIR_PATH}/Podfile.lock",
				"${PODS_ROOT}/Manifest.lock",
			);
			name = "[CP] Check Pods Manifest.lock";
			outputPaths = (
				"$(DERIVED_FILE_DIR)/Pods-mongodb-mobile-sample-checkManifestLockResult.txt",
			);
			runOnlyForDeploymentPostprocessing = 0;
			shellPath = /bin/sh;
			shellScript = "diff \"${PODS_PODFILE_DIR_PATH}/Podfile.lock\" \"${PODS_ROOT}/Manifest.lock\" > /dev/null\nif [ $? != 0 ] ; then\n    # print error to STDERR\n    echo \"error: The sandbox is not in sync with the Podfile.lock. Run 'pod install' or update your CocoaPods installation.\" >&2\n    exit 1\nfi\n# This output is used by Xcode 'outputs' to avoid re-running this script phase.\necho \"SUCCESS\" > \"${SCRIPT_OUTPUT_FILE_0}\"\n";
			showEnvVarsInLog = 0;
		};
		E35DA4E5976A4357C2B42898 /* [CP] Embed Pods Frameworks */ = {
			isa = PBXShellScriptBuildPhase;
			buildActionMask = 2147483647;
			files = (
			);
			inputPaths = (
				"${SRCROOT}/Pods/Target Support Files/Pods-mongodb-mobile-sample/Pods-mongodb-mobile-sample-frameworks.sh",
				"${BUILT_PRODUCTS_DIR}/GRDB.swift/GRDB.framework",
				"${BUILT_PRODUCTS_DIR}/MongoMobile/MongoMobile.framework",
				"${BUILT_PRODUCTS_DIR}/MongoSwift/MongoSwift.framework",
				"${BUILT_PRODUCTS_DIR}/StitchCore/StitchCore.framework",
				"${BUILT_PRODUCTS_DIR}/StitchCoreLocalMongoDBService/StitchCoreLocalMongoDBService.framework",
				"${BUILT_PRODUCTS_DIR}/StitchCoreRemoteMongoDBService/StitchCoreRemoteMongoDBService.framework",
				"${BUILT_PRODUCTS_DIR}/StitchCoreSDK/StitchCoreSDK.framework",
				"${BUILT_PRODUCTS_DIR}/StitchLocalMongoDBService/StitchLocalMongoDBService.framework",
				"${BUILT_PRODUCTS_DIR}/StitchRemoteMongoDBService/StitchRemoteMongoDBService.framework",
				"${BUILT_PRODUCTS_DIR}/SwiftyBeaver/SwiftyBeaver.framework",
				"${BUILT_PRODUCTS_DIR}/Swinject/Swinject.framework",
				"${PODS_ROOT}/mongo-embedded-c-driver/iPhoneOS/Frameworks/bson.framework",
				"${PODS_ROOT}/mongo-embedded-c-driver/iPhoneOS/Frameworks/bson.framework.dSYM",
				"${PODS_ROOT}/mongo-embedded-c-driver/iPhoneOS/Frameworks/mongoc.framework",
				"${PODS_ROOT}/mongo-embedded-c-driver/iPhoneOS/Frameworks/mongoc.framework.dSYM",
				"${PODS_ROOT}/mongo_embedded/iPhoneOS/Frameworks/mongo_embedded.framework",
				"${PODS_ROOT}/mongo_embedded/iPhoneOS/Frameworks/mongo_embedded.framework.dSYM",
				"${PODS_ROOT}/mongoc_embedded/iPhoneOS/Frameworks/mongoc_embedded.framework",
				"${PODS_ROOT}/mongoc_embedded/iPhoneOS/Frameworks/mongoc_embedded.framework.dSYM",
			);
			name = "[CP] Embed Pods Frameworks";
			outputPaths = (
				"${TARGET_BUILD_DIR}/${FRAMEWORKS_FOLDER_PATH}/GRDB.framework",
				"${TARGET_BUILD_DIR}/${FRAMEWORKS_FOLDER_PATH}/MongoMobile.framework",
				"${TARGET_BUILD_DIR}/${FRAMEWORKS_FOLDER_PATH}/MongoSwift.framework",
				"${TARGET_BUILD_DIR}/${FRAMEWORKS_FOLDER_PATH}/StitchCore.framework",
				"${TARGET_BUILD_DIR}/${FRAMEWORKS_FOLDER_PATH}/StitchCoreLocalMongoDBService.framework",
				"${TARGET_BUILD_DIR}/${FRAMEWORKS_FOLDER_PATH}/StitchCoreRemoteMongoDBService.framework",
				"${TARGET_BUILD_DIR}/${FRAMEWORKS_FOLDER_PATH}/StitchCoreSDK.framework",
				"${TARGET_BUILD_DIR}/${FRAMEWORKS_FOLDER_PATH}/StitchLocalMongoDBService.framework",
				"${TARGET_BUILD_DIR}/${FRAMEWORKS_FOLDER_PATH}/StitchRemoteMongoDBService.framework",
				"${TARGET_BUILD_DIR}/${FRAMEWORKS_FOLDER_PATH}/SwiftyBeaver.framework",
				"${TARGET_BUILD_DIR}/${FRAMEWORKS_FOLDER_PATH}/Swinject.framework",
				"${TARGET_BUILD_DIR}/${FRAMEWORKS_FOLDER_PATH}/bson.framework",
				"${DWARF_DSYM_FOLDER_PATH}/bson.framework.dSYM",
				"${TARGET_BUILD_DIR}/${FRAMEWORKS_FOLDER_PATH}/mongoc.framework",
				"${DWARF_DSYM_FOLDER_PATH}/mongoc.framework.dSYM",
				"${TARGET_BUILD_DIR}/${FRAMEWORKS_FOLDER_PATH}/mongo_embedded.framework",
				"${DWARF_DSYM_FOLDER_PATH}/mongo_embedded.framework.dSYM",
				"${TARGET_BUILD_DIR}/${FRAMEWORKS_FOLDER_PATH}/mongoc_embedded.framework",
				"${DWARF_DSYM_FOLDER_PATH}/mongoc_embedded.framework.dSYM",
			);
			runOnlyForDeploymentPostprocessing = 0;
			shellPath = /bin/sh;
			shellScript = "\"${SRCROOT}/Pods/Target Support Files/Pods-mongodb-mobile-sample/Pods-mongodb-mobile-sample-frameworks.sh\"\n";
			showEnvVarsInLog = 0;
		};
		F0B153DA5149C337E6F4DE84 /* [CP] Check Pods Manifest.lock */ = {
			isa = PBXShellScriptBuildPhase;
			buildActionMask = 2147483647;
			files = (
			);
			inputPaths = (
				"${PODS_PODFILE_DIR_PATH}/Podfile.lock",
				"${PODS_ROOT}/Manifest.lock",
			);
			name = "[CP] Check Pods Manifest.lock";
			outputPaths = (
				"$(DERIVED_FILE_DIR)/Pods-mongodb-mobile-sampleTests-checkManifestLockResult.txt",
			);
			runOnlyForDeploymentPostprocessing = 0;
			shellPath = /bin/sh;
			shellScript = "diff \"${PODS_PODFILE_DIR_PATH}/Podfile.lock\" \"${PODS_ROOT}/Manifest.lock\" > /dev/null\nif [ $? != 0 ] ; then\n    # print error to STDERR\n    echo \"error: The sandbox is not in sync with the Podfile.lock. Run 'pod install' or update your CocoaPods installation.\" >&2\n    exit 1\nfi\n# This output is used by Xcode 'outputs' to avoid re-running this script phase.\necho \"SUCCESS\" > \"${SCRIPT_OUTPUT_FILE_0}\"\n";
			showEnvVarsInLog = 0;
		};
/* End PBXShellScriptBuildPhase section */

/* Begin PBXSourcesBuildPhase section */
		927A9BD421A8391C002A34ED /* Sources */ = {
			isa = PBXSourcesBuildPhase;
			buildActionMask = 2147483647;
			files = (
				92DEE95721B01F6F00163B2E /* DIContainer.swift in Sources */,
				927A9BDE21A8391C002A34ED /* ViewController.swift in Sources */,
				4A8312C521E4AC8B0099B782 /* PostSQL.swift in Sources */,
				927A9BDC21A8391C002A34ED /* AppDelegate.swift in Sources */,
				4A8312BF21E4AAE60099B782 /* SQLStorageProvider.swift in Sources */,
				4A8312C221E4AC2F0099B782 /* PostProtocol.swift in Sources */,
				92A4FE7321B572F00079051D /* StorageType.swift in Sources */,
				92D58C6421B678E400452DE5 /* Logger.swift in Sources */,
				92625BDB21B00F32002E2E4C /* MongoStorageProvider.swift in Sources */,
				92625BD721AEEBA4002E2E4C /* MongoAdapter.swift in Sources */,
				92625BD521AEEB31002E2E4C /* StorageProtocol.swift in Sources */,
				92625BD321AEE97B002E2E4C /* StorageService.swift in Sources */,
			);
			runOnlyForDeploymentPostprocessing = 0;
		};
		927A9BE821A8391E002A34ED /* Sources */ = {
			isa = PBXSourcesBuildPhase;
			buildActionMask = 2147483647;
			files = (
				92625BD821AFDC06002E2E4C /* MongoAdapter.swift in Sources */,
				927A9BF121A8391E002A34ED /* mongodb_mobile_sampleTests.swift in Sources */,
			);
			runOnlyForDeploymentPostprocessing = 0;
		};
/* End PBXSourcesBuildPhase section */

/* Begin PBXTargetDependency section */
		927A9BEE21A8391E002A34ED /* PBXTargetDependency */ = {
			isa = PBXTargetDependency;
			target = 927A9BD721A8391C002A34ED /* mongodb-mobile-sample */;
			targetProxy = 927A9BED21A8391E002A34ED /* PBXContainerItemProxy */;
		};
/* End PBXTargetDependency section */

/* Begin PBXVariantGroup section */
		927A9BDF21A8391C002A34ED /* Main.storyboard */ = {
			isa = PBXVariantGroup;
			children = (
				927A9BE021A8391C002A34ED /* Base */,
			);
			name = Main.storyboard;
			sourceTree = "<group>";
		};
		927A9BE421A8391E002A34ED /* LaunchScreen.storyboard */ = {
			isa = PBXVariantGroup;
			children = (
				927A9BE521A8391E002A34ED /* Base */,
			);
			name = LaunchScreen.storyboard;
			sourceTree = "<group>";
		};
/* End PBXVariantGroup section */

/* Begin XCBuildConfiguration section */
		927A9BF321A8391E002A34ED /* Debug */ = {
			isa = XCBuildConfiguration;
			buildSettings = {
				ALWAYS_SEARCH_USER_PATHS = NO;
				CLANG_ANALYZER_NONNULL = YES;
				CLANG_ANALYZER_NUMBER_OBJECT_CONVERSION = YES_AGGRESSIVE;
				CLANG_CXX_LANGUAGE_STANDARD = "gnu++14";
				CLANG_CXX_LIBRARY = "libc++";
				CLANG_ENABLE_MODULES = YES;
				CLANG_ENABLE_OBJC_ARC = YES;
				CLANG_ENABLE_OBJC_WEAK = YES;
				CLANG_WARN_BLOCK_CAPTURE_AUTORELEASING = YES;
				CLANG_WARN_BOOL_CONVERSION = YES;
				CLANG_WARN_COMMA = YES;
				CLANG_WARN_CONSTANT_CONVERSION = YES;
				CLANG_WARN_DEPRECATED_OBJC_IMPLEMENTATIONS = YES;
				CLANG_WARN_DIRECT_OBJC_ISA_USAGE = YES_ERROR;
				CLANG_WARN_DOCUMENTATION_COMMENTS = YES;
				CLANG_WARN_EMPTY_BODY = YES;
				CLANG_WARN_ENUM_CONVERSION = YES;
				CLANG_WARN_INFINITE_RECURSION = YES;
				CLANG_WARN_INT_CONVERSION = YES;
				CLANG_WARN_NON_LITERAL_NULL_CONVERSION = YES;
				CLANG_WARN_OBJC_IMPLICIT_RETAIN_SELF = YES;
				CLANG_WARN_OBJC_LITERAL_CONVERSION = YES;
				CLANG_WARN_OBJC_ROOT_CLASS = YES_ERROR;
				CLANG_WARN_RANGE_LOOP_ANALYSIS = YES;
				CLANG_WARN_STRICT_PROTOTYPES = YES;
				CLANG_WARN_SUSPICIOUS_MOVE = YES;
				CLANG_WARN_UNGUARDED_AVAILABILITY = YES_AGGRESSIVE;
				CLANG_WARN_UNREACHABLE_CODE = YES;
				CLANG_WARN__DUPLICATE_METHOD_MATCH = YES;
				CODE_SIGN_IDENTITY = "iPhone Developer";
				COPY_PHASE_STRIP = NO;
				DEBUG_INFORMATION_FORMAT = dwarf;
				ENABLE_STRICT_OBJC_MSGSEND = YES;
				ENABLE_TESTABILITY = YES;
				GCC_C_LANGUAGE_STANDARD = gnu11;
				GCC_DYNAMIC_NO_PIC = NO;
				GCC_NO_COMMON_BLOCKS = YES;
				GCC_OPTIMIZATION_LEVEL = 0;
				GCC_PREPROCESSOR_DEFINITIONS = (
					"DEBUG=1",
					"$(inherited)",
				);
				GCC_WARN_64_TO_32_BIT_CONVERSION = YES;
				GCC_WARN_ABOUT_RETURN_TYPE = YES_ERROR;
				GCC_WARN_UNDECLARED_SELECTOR = YES;
				GCC_WARN_UNINITIALIZED_AUTOS = YES_AGGRESSIVE;
				GCC_WARN_UNUSED_FUNCTION = YES;
				GCC_WARN_UNUSED_VARIABLE = YES;
				IPHONEOS_DEPLOYMENT_TARGET = 12.1;
				MTL_ENABLE_DEBUG_INFO = INCLUDE_SOURCE;
				MTL_FAST_MATH = YES;
				ONLY_ACTIVE_ARCH = YES;
				SDKROOT = iphoneos;
				SWIFT_ACTIVE_COMPILATION_CONDITIONS = DEBUG;
				SWIFT_OPTIMIZATION_LEVEL = "-Onone";
			};
			name = Debug;
		};
		927A9BF421A8391E002A34ED /* Release */ = {
			isa = XCBuildConfiguration;
			buildSettings = {
				ALWAYS_SEARCH_USER_PATHS = NO;
				CLANG_ANALYZER_NONNULL = YES;
				CLANG_ANALYZER_NUMBER_OBJECT_CONVERSION = YES_AGGRESSIVE;
				CLANG_CXX_LANGUAGE_STANDARD = "gnu++14";
				CLANG_CXX_LIBRARY = "libc++";
				CLANG_ENABLE_MODULES = YES;
				CLANG_ENABLE_OBJC_ARC = YES;
				CLANG_ENABLE_OBJC_WEAK = YES;
				CLANG_WARN_BLOCK_CAPTURE_AUTORELEASING = YES;
				CLANG_WARN_BOOL_CONVERSION = YES;
				CLANG_WARN_COMMA = YES;
				CLANG_WARN_CONSTANT_CONVERSION = YES;
				CLANG_WARN_DEPRECATED_OBJC_IMPLEMENTATIONS = YES;
				CLANG_WARN_DIRECT_OBJC_ISA_USAGE = YES_ERROR;
				CLANG_WARN_DOCUMENTATION_COMMENTS = YES;
				CLANG_WARN_EMPTY_BODY = YES;
				CLANG_WARN_ENUM_CONVERSION = YES;
				CLANG_WARN_INFINITE_RECURSION = YES;
				CLANG_WARN_INT_CONVERSION = YES;
				CLANG_WARN_NON_LITERAL_NULL_CONVERSION = YES;
				CLANG_WARN_OBJC_IMPLICIT_RETAIN_SELF = YES;
				CLANG_WARN_OBJC_LITERAL_CONVERSION = YES;
				CLANG_WARN_OBJC_ROOT_CLASS = YES_ERROR;
				CLANG_WARN_RANGE_LOOP_ANALYSIS = YES;
				CLANG_WARN_STRICT_PROTOTYPES = YES;
				CLANG_WARN_SUSPICIOUS_MOVE = YES;
				CLANG_WARN_UNGUARDED_AVAILABILITY = YES_AGGRESSIVE;
				CLANG_WARN_UNREACHABLE_CODE = YES;
				CLANG_WARN__DUPLICATE_METHOD_MATCH = YES;
				CODE_SIGN_IDENTITY = "iPhone Developer";
				COPY_PHASE_STRIP = NO;
				DEBUG_INFORMATION_FORMAT = "dwarf-with-dsym";
				ENABLE_NS_ASSERTIONS = NO;
				ENABLE_STRICT_OBJC_MSGSEND = YES;
				GCC_C_LANGUAGE_STANDARD = gnu11;
				GCC_NO_COMMON_BLOCKS = YES;
				GCC_WARN_64_TO_32_BIT_CONVERSION = YES;
				GCC_WARN_ABOUT_RETURN_TYPE = YES_ERROR;
				GCC_WARN_UNDECLARED_SELECTOR = YES;
				GCC_WARN_UNINITIALIZED_AUTOS = YES_AGGRESSIVE;
				GCC_WARN_UNUSED_FUNCTION = YES;
				GCC_WARN_UNUSED_VARIABLE = YES;
				IPHONEOS_DEPLOYMENT_TARGET = 12.1;
				MTL_ENABLE_DEBUG_INFO = NO;
				MTL_FAST_MATH = YES;
				SDKROOT = iphoneos;
				SWIFT_COMPILATION_MODE = wholemodule;
				SWIFT_OPTIMIZATION_LEVEL = "-O";
				VALIDATE_PRODUCT = YES;
			};
			name = Release;
		};
		927A9BF621A8391E002A34ED /* Debug */ = {
			isa = XCBuildConfiguration;
			baseConfigurationReference = E75126AECAB87B72272943DE /* Pods-mongodb-mobile-sample.debug.xcconfig */;
			buildSettings = {
				ASSETCATALOG_COMPILER_APPICON_NAME = AppIcon;
				CODE_SIGN_STYLE = Automatic;
				DEVELOPMENT_TEAM = 5TH46T9UQ3;
				INFOPLIST_FILE = "mongodb-mobile-sample/Info.plist";
				LD_RUNPATH_SEARCH_PATHS = (
					"$(inherited)",
					"@executable_path/Frameworks",
				);
				PRODUCT_BUNDLE_IDENTIFIER = "bkmza.mongodb-mobile-sample";
				PRODUCT_NAME = "$(TARGET_NAME)";
				SWIFT_VERSION = 4.2;
				TARGETED_DEVICE_FAMILY = "1,2";
			};
			name = Debug;
		};
		927A9BF721A8391E002A34ED /* Release */ = {
			isa = XCBuildConfiguration;
			baseConfigurationReference = AED627C473A0438A6180C9D4 /* Pods-mongodb-mobile-sample.release.xcconfig */;
			buildSettings = {
				ASSETCATALOG_COMPILER_APPICON_NAME = AppIcon;
				CODE_SIGN_STYLE = Automatic;
				DEVELOPMENT_TEAM = 5TH46T9UQ3;
				INFOPLIST_FILE = "mongodb-mobile-sample/Info.plist";
				LD_RUNPATH_SEARCH_PATHS = (
					"$(inherited)",
					"@executable_path/Frameworks",
				);
				PRODUCT_BUNDLE_IDENTIFIER = "bkmza.mongodb-mobile-sample";
				PRODUCT_NAME = "$(TARGET_NAME)";
				SWIFT_VERSION = 4.2;
				TARGETED_DEVICE_FAMILY = "1,2";
			};
			name = Release;
		};
		927A9BF921A8391E002A34ED /* Debug */ = {
			isa = XCBuildConfiguration;
			baseConfigurationReference = 41E8366A90A7B896658AAEED /* Pods-mongodb-mobile-sampleTests.debug.xcconfig */;
			buildSettings = {
				ALWAYS_EMBED_SWIFT_STANDARD_LIBRARIES = YES;
				BUNDLE_LOADER = "$(TEST_HOST)";
				CODE_SIGN_STYLE = Automatic;
				DEVELOPMENT_TEAM = 5TH46T9UQ3;
				INFOPLIST_FILE = "mongodb-mobile-sampleTests/Info.plist";
				LD_RUNPATH_SEARCH_PATHS = (
					"$(inherited)",
					"@executable_path/Frameworks",
					"@loader_path/Frameworks",
				);
				PRODUCT_BUNDLE_IDENTIFIER = "bkmza.mongodb-mobile-sampleTests";
				PRODUCT_NAME = "$(TARGET_NAME)";
				SWIFT_VERSION = 4.2;
				TARGETED_DEVICE_FAMILY = "1,2";
				TEST_HOST = "$(BUILT_PRODUCTS_DIR)/mongodb-mobile-sample.app/mongodb-mobile-sample";
			};
			name = Debug;
		};
		927A9BFA21A8391E002A34ED /* Release */ = {
			isa = XCBuildConfiguration;
			baseConfigurationReference = 6000D20BA773E02C61B894BB /* Pods-mongodb-mobile-sampleTests.release.xcconfig */;
			buildSettings = {
				ALWAYS_EMBED_SWIFT_STANDARD_LIBRARIES = YES;
				BUNDLE_LOADER = "$(TEST_HOST)";
				CODE_SIGN_STYLE = Automatic;
				DEVELOPMENT_TEAM = 5TH46T9UQ3;
				INFOPLIST_FILE = "mongodb-mobile-sampleTests/Info.plist";
				LD_RUNPATH_SEARCH_PATHS = (
					"$(inherited)",
					"@executable_path/Frameworks",
					"@loader_path/Frameworks",
				);
				PRODUCT_BUNDLE_IDENTIFIER = "bkmza.mongodb-mobile-sampleTests";
				PRODUCT_NAME = "$(TARGET_NAME)";
				SWIFT_VERSION = 4.2;
				TARGETED_DEVICE_FAMILY = "1,2";
				TEST_HOST = "$(BUILT_PRODUCTS_DIR)/mongodb-mobile-sample.app/mongodb-mobile-sample";
			};
			name = Release;
		};
/* End XCBuildConfiguration section */

/* Begin XCConfigurationList section */
		927A9BD321A8391C002A34ED /* Build configuration list for PBXProject "mongodb-mobile-sample" */ = {
			isa = XCConfigurationList;
			buildConfigurations = (
				927A9BF321A8391E002A34ED /* Debug */,
				927A9BF421A8391E002A34ED /* Release */,
			);
			defaultConfigurationIsVisible = 0;
			defaultConfigurationName = Release;
		};
		927A9BF521A8391E002A34ED /* Build configuration list for PBXNativeTarget "mongodb-mobile-sample" */ = {
			isa = XCConfigurationList;
			buildConfigurations = (
				927A9BF621A8391E002A34ED /* Debug */,
				927A9BF721A8391E002A34ED /* Release */,
			);
			defaultConfigurationIsVisible = 0;
			defaultConfigurationName = Release;
		};
		927A9BF821A8391E002A34ED /* Build configuration list for PBXNativeTarget "mongodb-mobile-sampleTests" */ = {
			isa = XCConfigurationList;
			buildConfigurations = (
				927A9BF921A8391E002A34ED /* Debug */,
				927A9BFA21A8391E002A34ED /* Release */,
			);
			defaultConfigurationIsVisible = 0;
			defaultConfigurationName = Release;
		};
/* End XCConfigurationList section */
	};
	rootObject = 927A9BD021A8391C002A34ED /* Project object */;
}
